
Microsoft Visual Studio Solution File, Format Version 12.00
# Visual Studio Version 17
VisualStudioVersion = 17.13.35818.85 d17.13
MinimumVisualStudioVersion = 10.0.40219.1
Project("{FAE04EC0-301F-11D3-BF4B-00C04F79EFBC}") = "MVCandADO", "MVCandADO\MVCandADO.csproj", "{E935E6F2-734C-438A-914E-E455AA4CE1C4}"
EndProject
Global
	GlobalSection(SolutionConfigurationPlatforms) = preSolution
		Debug|Any CPU = Debug|Any CPU
		Release|Any CPU = Release|Any CPU
	EndGlobalSection
	GlobalSection(ProjectConfigurationPlatforms) = postSolution
		{E935E6F2-734C-438A-914E-E455AA4CE1C4}.Debug|Any CPU.ActiveCfg = Debug|Any CPU
		{E935E6F2-734C-438A-914E-E455AA4CE1C4}.Debug|Any CPU.Build.0 = Debug|Any CPU
		{E935E6F2-734C-438A-914E-E455AA4CE1C4}.Release|Any CPU.ActiveCfg = Release|Any CPU
		{E935E6F2-734C-438A-914E-E455AA4CE1C4}.Release|Any CPU.Build.0 = Release|Any CPU
	EndGlobalSection
	GlobalSection(SolutionProperties) = preSolution
		HideSolutionNode = FALSE
	EndGlobalSection
	GlobalSection(ExtensibilityGlobals) = postSolution
		SolutionGuid = {E688E746-B4CB-44E6-98A4-9A8F218BD7EB}
	EndGlobalSection
EndGlobal
